<?xml version="1.0" encoding="utf-8"?>
<Project ToolsVersion="4.0" xmlns="http://schemas.microsoft.com/developer/msbuild/2003">
  <ItemGroup>
    <Filter Include="源文件">
      <UniqueIdentifier>{4FC737F1-C7A5-4376-A066-2A32D752A2FF}</UniqueIdentifier>
      <Extensions>cpp;c;cc;cxx;def;odl;idl;hpj;bat;asm;asmx</Extensions>
    </Filter>
    <Filter Include="头文件">
      <UniqueIdentifier>{93995380-89BD-4b04-88EB-625FBE52EBFB}</UniqueIdentifier>
      <Extensions>h;hh;hpp;hxx;hm;inl;inc;xsd</Extensions>
    </Filter>
    <Filter Include="资源文件">
      <UniqueIdentifier>{67DA6AB6-F800-4c08-8B7A-83BB121AAD01}</UniqueIdentifier>
      <Extensions>rc;ico;cur;bmp;dlg;rc2;rct;bin;rgs;gif;jpg;jpeg;jpe;resx;tiff;tif;png;wav;mfcribbon-ms</Extensions>
    </Filter>
  </ItemGroup>
  <ItemGroup>
    <Text Include="ReadMe.txt" />
  </ItemGroup>
  <ItemGroup>
    <ClInclude Include="app4.h">
      <Filter>头文件</Filter>
    </ClInclude>
    <ClInclude Include="app4Dlg.h">
      <Filter>头文件</Filter>
    </ClInclude>
    <ClInclude Include="targetver.h">
      <Filter>头文件</Filter>
    </ClInclude>
    <ClInclude Include="Resource.h">
      <Filter>头文件</Filter>
    </ClInclude>
    <ClInclude Include="EClientSocketBase.h">
      <Filter>头文件</Filter>
    </ClInclude>
    <ClInclude Include="EClientSocketBaseImpl.h">
      <Filter>头文件</Filter>
    </ClInclude>
    <ClInclude Include="mywrapper.h">
      <Filter>头文件</Filter>
    </ClInclude>
    <ClInclude Include="datalistener.h">
      <Filter>头文件</Filter>
    </ClInclude>
    <ClInclude Include="itemslot.h">
      <Filter>头文件</Filter>
    </ClInclude>
    <ClInclude Include="shwrapper.h">
      <Filter>头文件</Filter>
    </ClInclude>
    <ClInclude Include="resultslot.h">
      <Filter>头文件</Filter>
    </ClInclude>
    <ClInclude Include="MyGraph.h">
      <Filter>头文件</Filter>
    </ClInclude>
    <ClInclude Include="stdafx.h">
      <Filter>源文件</Filter>
    </ClInclude>
  </ItemGroup>
  <ItemGroup>
    <ClCompile Include="app4.cpp">
      <Filter>源文件</Filter>
    </ClCompile>
    <ClCompile Include="app4Dlg.cpp">
      <Filter>源文件</Filter>
    </ClCompile>
    <ClCompile Include="stdafx.cpp">
      <Filter>源文件</Filter>
    </ClCompile>
    <ClCompile Include="EClientSocket.cpp">
      <Filter>源文件</Filter>
    </ClCompile>
    <ClCompile Include="EClientSocketBase.cpp">
      <Filter>源文件</Filter>
    </ClCompile>
    <ClCompile Include="mywrapper.cpp">
      <Filter>源文件</Filter>
    </ClCompile>
    <ClCompile Include="datalistener.cpp">
      <Filter>源文件</Filter>
    </ClCompile>
    <ClCompile Include="itemslot.cpp">
      <Filter>源文件</Filter>
    </ClCompile>
    <ClCompile Include="shwrapper.cpp">
      <Filter>源文件</Filter>
    </ClCompile>
    <ClCompile Include="resultslot.cpp">
      <Filter>源文件</Filter>
    </ClCompile>
    <ClCompile Include="MyGraph.cpp">
      <Filter>源文件</Filter>
    </ClCompile>
  </ItemGroup>
  <ItemGroup>
    <ResourceCompile Include="app4.rc">
      <Filter>资源文件</Filter>
    </ResourceCompile>
  </ItemGroup>
  <ItemGroup>
    <None Include="res\app4.rc2">
      <Filter>资源文件</Filter>
    </None>
  </ItemGroup>
  <ItemGroup>
    <Image Include="res\app4.ico">
      <Filter>资源文件</Filter>
    </Image>
  </ItemGroup>
</Project>